
Microsoft Visual Studio Solution File, Format Version 12.00
# Visual Studio 15
VisualStudioVersion = 15.0.28307.539
MinimumVisualStudioVersion = 10.0.40219.1
Project("{FAE04EC0-301F-11D3-BF4B-00C04F79EFBC}") = "EmpRegister.WebAPI", "EmpRegister.WebAPI\EmpRegister.WebAPI.csproj", "{6614236A-AF82-4A9B-BB65-EFBFB17A8E8C}"
EndProject
Global
	GlobalSection(SolutionConfigurationPlatforms) = preSolution
		Debug|Any CPU = Debug|Any CPU
		Release|Any CPU = Release|Any CPU
	EndGlobalSection
	GlobalSection(ProjectConfigurationPlatforms) = postSolution
		{6614236A-AF82-4A9B-BB65-EFBFB17A8E8C}.Debug|Any CPU.ActiveCfg = Debug|Any CPU
		{6614236A-AF82-4A9B-BB65-EFBFB17A8E8C}.Debug|Any CPU.Build.0 = Debug|Any CPU
		{6614236A-AF82-4A9B-BB65-EFBFB17A8E8C}.Release|Any CPU.ActiveCfg = Release|Any CPU
		{6614236A-AF82-4A9B-BB65-EFBFB17A8E8C}.Release|Any CPU.Build.0 = Release|Any CPU
	EndGlobalSection
	GlobalSection(SolutionProperties) = preSolution
		HideSolutionNode = FALSE
	EndGlobalSection
	GlobalSection(ExtensibilityGlobals) = postSolution
		SolutionGuid = {29A420EA-B3F2-4DF6-9D6C-EADF4F35BBDE}
	EndGlobalSection
EndGlobal
